// !$*UTF8*$!
{
	archiveVersion = 1;
	classes = {
	};
	objectVersion = 46;
	objects = {

/* Begin PBXBuildFile section */
		5E0D946C1B4701D000FBFDCC /* Notes.swift in Sources */ = {isa = PBXBuildFile; fileRef = 5E0D946B1B4701D000FBFDCC /* Notes.swift */; };
		5E0D946E1B4826B500FBFDCC /* ProfileViewController.swift in Sources */ = {isa = PBXBuildFile; fileRef = 5E0D946D1B4826B500FBFDCC /* ProfileViewController.swift */; };
		5E0D94761B4C6C4E00FBFDCC /* RateViewController.swift in Sources */ = {isa = PBXBuildFile; fileRef = 5E0D94751B4C6C4E00FBFDCC /* RateViewController.swift */; };
		5E2A6E171B6141EF003F9614 /* User.swift in Sources */ = {isa = PBXBuildFile; fileRef = 5E2A6E161B6141EF003F9614 /* User.swift */; };
		5E2A6E191B67FCA4003F9614 /* SmallUser.swift in Sources */ = {isa = PBXBuildFile; fileRef = 5E2A6E181B67FCA4003F9614 /* SmallUser.swift */; };
		5E2A6E2B1B682411003F9614 /* AdSupport.framework in Frameworks */ = {isa = PBXBuildFile; fileRef = 5E2A6E2A1B682411003F9614 /* AdSupport.framework */; };
		5E2A6E2D1B682424003F9614 /* AVFoundation.framework in Frameworks */ = {isa = PBXBuildFile; fileRef = 5E2A6E2C1B682424003F9614 /* AVFoundation.framework */; };
		5E2A6E2F1B682450003F9614 /* CoreMedia.framework in Frameworks */ = {isa = PBXBuildFile; fileRef = 5E2A6E2E1B682450003F9614 /* CoreMedia.framework */; };
		5E2A6E311B68245B003F9614 /* Foundation.framework in Frameworks */ = {isa = PBXBuildFile; fileRef = 5E2A6E301B68245B003F9614 /* Foundation.framework */; };
		5E2A6E331B682469003F9614 /* MediaPlayer.framework in Frameworks */ = {isa = PBXBuildFile; fileRef = 5E2A6E321B682469003F9614 /* MediaPlayer.framework */; };
		5E2A6E351B68248A003F9614 /* UIKit.framework in Frameworks */ = {isa = PBXBuildFile; fileRef = 5E2A6E341B68248A003F9614 /* UIKit.framework */; };
		5E2A6E371B6864E0003F9614 /* MasterPageViewController.swift in Sources */ = {isa = PBXBuildFile; fileRef = 5E2A6E361B6864E0003F9614 /* MasterPageViewController.swift */; };
		5E2A6E391B695D9A003F9614 /* LoginViewController.swift in Sources */ = {isa = PBXBuildFile; fileRef = 5E2A6E381B695D9A003F9614 /* LoginViewController.swift */; };
		5E2A6E3C1B6BF1A3003F9614 /* InfoViewController.swift in Sources */ = {isa = PBXBuildFile; fileRef = 5E2A6E3B1B6BF1A3003F9614 /* InfoViewController.swift */; };
		5E2A6E3E1B6C03DF003F9614 /* ProfileCell.swift in Sources */ = {isa = PBXBuildFile; fileRef = 5E2A6E3D1B6C03DF003F9614 /* ProfileCell.swift */; };
		5E2E29C61B3A4A8F009AF8B0 /* PictureSelectionViewController.swift in Sources */ = {isa = PBXBuildFile; fileRef = 5E2E29C51B3A4A8F009AF8B0 /* PictureSelectionViewController.swift */; };
		5E55557D1B88C96300310BAE /* MasterPageNavigationController.swift in Sources */ = {isa = PBXBuildFile; fileRef = 5E55557C1B88C96300310BAE /* MasterPageNavigationController.swift */; };
		5E7FF6C11B580C3400C15937 /* Defunct.swift in Sources */ = {isa = PBXBuildFile; fileRef = 5E7FF6C01B580C3400C15937 /* Defunct.swift */; };
		5E7FF6C41B58218200C15937 /* ParseFacebookUtils.framework in Frameworks */ = {isa = PBXBuildFile; fileRef = 5E7FF6C21B58218200C15937 /* ParseFacebookUtils.framework */; };
		5E7FF6C51B58218200C15937 /* ParseFacebookUtilsV4.framework in Frameworks */ = {isa = PBXBuildFile; fileRef = 5E7FF6C31B58218200C15937 /* ParseFacebookUtilsV4.framework */; };
		5EAB15631B3DAEF1006C31E7 /* AlbumSelectionViewController.swift in Sources */ = {isa = PBXBuildFile; fileRef = 5EAB15621B3DAEF1006C31E7 /* AlbumSelectionViewController.swift */; };
		5EC36AEC1B3DE84C00DAD9A9 /* Album.swift in Sources */ = {isa = PBXBuildFile; fileRef = 5EC36AEB1B3DE84C00DAD9A9 /* Album.swift */; };
		5EC36B1E1B40875500DAD9A9 /* AlbumCell.swift in Sources */ = {isa = PBXBuildFile; fileRef = 5EC36B1D1B40875500DAD9A9 /* AlbumCell.swift */; };
		5EC36B201B4097A800DAD9A9 /* Data.swift in Sources */ = {isa = PBXBuildFile; fileRef = 5EC36B1F1B4097A800DAD9A9 /* Data.swift */; };
		5EC36B241B42446600DAD9A9 /* Picture.swift in Sources */ = {isa = PBXBuildFile; fileRef = 5EC36B231B42446600DAD9A9 /* Picture.swift */; };
		5EC36B261B42ED9400DAD9A9 /* PictureCell.swift in Sources */ = {isa = PBXBuildFile; fileRef = 5EC36B251B42ED9400DAD9A9 /* PictureCell.swift */; };
		5EC36B2A1B447EF300DAD9A9 /* Methods.swift in Sources */ = {isa = PBXBuildFile; fileRef = 5EC36B291B447EF300DAD9A9 /* Methods.swift */; };
		5EC36B2C1B448B7C00DAD9A9 /* PictureConfirmViewController.swift in Sources */ = {isa = PBXBuildFile; fileRef = 5EC36B2B1B448B7C00DAD9A9 /* PictureConfirmViewController.swift */; };
		5EC36B2E1B44A27F00DAD9A9 /* PictureConfirmView.swift in Sources */ = {isa = PBXBuildFile; fileRef = 5EC36B2D1B44A27F00DAD9A9 /* PictureConfirmView.swift */; };
		5ED9C7681B3094650080E872 /* AppDelegate.swift in Sources */ = {isa = PBXBuildFile; fileRef = 5ED9C7671B3094650080E872 /* AppDelegate.swift */; };
		5ED9C76A1B3094650080E872 /* ViewController.swift in Sources */ = {isa = PBXBuildFile; fileRef = 5ED9C7691B3094650080E872 /* ViewController.swift */; };
		5ED9C76D1B3094650080E872 /* Main.storyboard in Resources */ = {isa = PBXBuildFile; fileRef = 5ED9C76B1B3094650080E872 /* Main.storyboard */; };
		5ED9C76F1B3094650080E872 /* Images.xcassets in Resources */ = {isa = PBXBuildFile; fileRef = 5ED9C76E1B3094650080E872 /* Images.xcassets */; };
		5ED9C7721B3094650080E872 /* LaunchScreen.xib in Resources */ = {isa = PBXBuildFile; fileRef = 5ED9C7701B3094650080E872 /* LaunchScreen.xib */; };
		5ED9C77E1B3094650080E872 /* Rate_MeTests.swift in Sources */ = {isa = PBXBuildFile; fileRef = 5ED9C77D1B3094650080E872 /* Rate_MeTests.swift */; };
		5ED9C7881B3094860080E872 /* Bolts.framework in Frameworks */ = {isa = PBXBuildFile; fileRef = 5ED9C7871B3094860080E872 /* Bolts.framework */; };
		5ED9C78A1B30948E0080E872 /* FBSDKCoreKit.framework in Frameworks */ = {isa = PBXBuildFile; fileRef = 5ED9C7891B30948E0080E872 /* FBSDKCoreKit.framework */; };
		5ED9C78C1B3094900080E872 /* FBSDKLoginKit.framework in Frameworks */ = {isa = PBXBuildFile; fileRef = 5ED9C78B1B3094900080E872 /* FBSDKLoginKit.framework */; };
		5ED9C78F1B31C7800080E872 /* Parse.framework in Frameworks */ = {isa = PBXBuildFile; fileRef = 5ED9C78E1B31C7800080E872 /* Parse.framework */; };
		5ED9C7911B31C9E50080E872 /* AudioToolbox.framework in Frameworks */ = {isa = PBXBuildFile; fileRef = 5ED9C7901B31C9E50080E872 /* AudioToolbox.framework */; };
		5ED9C7931B31C9F10080E872 /* CFNetwork.framework in Frameworks */ = {isa = PBXBuildFile; fileRef = 5ED9C7921B31C9F10080E872 /* CFNetwork.framework */; };
		5ED9C7951B31C9F90080E872 /* CoreGraphics.framework in Frameworks */ = {isa = PBXBuildFile; fileRef = 5ED9C7941B31C9F90080E872 /* CoreGraphics.framework */; };
		5ED9C7971B31CA110080E872 /* CoreLocation.framework in Frameworks */ = {isa = PBXBuildFile; fileRef = 5ED9C7961B31CA110080E872 /* CoreLocation.framework */; };
		5ED9C7991B31CA180080E872 /* MobileCoreServices.framework in Frameworks */ = {isa = PBXBuildFile; fileRef = 5ED9C7981B31CA180080E872 /* MobileCoreServices.framework */; };
		5ED9C79B1B31CA220080E872 /* QuartzCore.framework in Frameworks */ = {isa = PBXBuildFile; fileRef = 5ED9C79A1B31CA220080E872 /* QuartzCore.framework */; };
		5ED9C79D1B31CA2C0080E872 /* Security.framework in Frameworks */ = {isa = PBXBuildFile; fileRef = 5ED9C79C1B31CA2C0080E872 /* Security.framework */; };
		5ED9C79F1B31CA330080E872 /* StoreKit.framework in Frameworks */ = {isa = PBXBuildFile; fileRef = 5ED9C79E1B31CA330080E872 /* StoreKit.framework */; };
		5ED9C7A11B31CA3E0080E872 /* SystemConfiguration.framework in Frameworks */ = {isa = PBXBuildFile; fileRef = 5ED9C7A01B31CA3E0080E872 /* SystemConfiguration.framework */; };
		5ED9C7A31B31CA500080E872 /* libz.dylib in Frameworks */ = {isa = PBXBuildFile; fileRef = 5ED9C7A21B31CA500080E872 /* libz.dylib */; };
		5ED9C7A51B31CA5A0080E872 /* libsqlite3.dylib in Frameworks */ = {isa = PBXBuildFile; fileRef = 5ED9C7A41B31CA5A0080E872 /* libsqlite3.dylib */; };
		5ED9C7A71B31CA9F0080E872 /* Accounts.framework in Frameworks */ = {isa = PBXBuildFile; fileRef = 5ED9C7A61B31CA9F0080E872 /* Accounts.framework */; };
		5ED9C7A91B31CAA50080E872 /* Social.framework in Frameworks */ = {isa = PBXBuildFile; fileRef = 5ED9C7A81B31CAA50080E872 /* Social.framework */; };
		5EE817101B6F1D990038C37F /* GameKit.framework in Frameworks */ = {isa = PBXBuildFile; fileRef = 5EE8170F1B6F1D990038C37F /* GameKit.framework */; };
		5EE8171A1B8026860038C37F /* __vungle.db in Resources */ = {isa = PBXBuildFile; fileRef = 5EE817131B8026860038C37F /* __vungle.db */; };
		5EE8171B1B8026860038C37F /* vg_close.png in Resources */ = {isa = PBXBuildFile; fileRef = 5EE817141B8026860038C37F /* vg_close.png */; };
		5EE8171C1B8026860038C37F /* vg_cta.png in Resources */ = {isa = PBXBuildFile; fileRef = 5EE817151B8026860038C37F /* vg_cta.png */; };
		5EE8171D1B8026860038C37F /* vg_mute_off.png in Resources */ = {isa = PBXBuildFile; fileRef = 5EE817161B8026860038C37F /* vg_mute_off.png */; };
		5EE8171E1B8026860038C37F /* vg_mute_on.png in Resources */ = {isa = PBXBuildFile; fileRef = 5EE817171B8026860038C37F /* vg_mute_on.png */; };
		5EE8171F1B8026860038C37F /* vg_privacy.png in Resources */ = {isa = PBXBuildFile; fileRef = 5EE817181B8026860038C37F /* vg_privacy.png */; };
		5EE817201B8026860038C37F /* VungleSDK.framework in Frameworks */ = {isa = PBXBuildFile; fileRef = 5EE817191B8026860038C37F /* VungleSDK.framework */; };
/* End PBXBuildFile section */

/* Begin PBXContainerItemProxy section */
		5ED9C7781B3094650080E872 /* PBXContainerItemProxy */ = {
			isa = PBXContainerItemProxy;
			containerPortal = 5ED9C75A1B3094650080E872 /* Project object */;
			proxyType = 1;
			remoteGlobalIDString = 5ED9C7611B3094650080E872;
			remoteInfo = "Rate Me";
		};
/* End PBXContainerItemProxy section */

/* Begin PBXCopyFilesBuildPhase section */
		5E27DE241B515F8900C2FEF0 /* CopyFiles */ = {
			isa = PBXCopyFilesBuildPhase;
			buildActionMask = 2147483647;
			dstPath = "";
			dstSubfolderSpec = 10;
			files = (
			);
			runOnlyForDeploymentPostprocessing = 0;
		};
/* End PBXCopyFilesBuildPhase section */

/* Begin PBXFileReference section */
		5E0D946B1B4701D000FBFDCC /* Notes.swift */ = {isa = PBXFileReference; fileEncoding = 4; lastKnownFileType = sourcecode.swift; path = Notes.swift; sourceTree = "<group>"; };
		5E0D946D1B4826B500FBFDCC /* ProfileViewController.swift */ = {isa = PBXFileReference; fileEncoding = 4; lastKnownFileType = sourcecode.swift; path = ProfileViewController.swift; sourceTree = "<group>"; };
		5E0D94751B4C6C4E00FBFDCC /* RateViewController.swift */ = {isa = PBXFileReference; fileEncoding = 4; lastKnownFileType = sourcecode.swift; path = RateViewController.swift; sourceTree = "<group>"; };
		5E2A6E161B6141EF003F9614 /* User.swift */ = {isa = PBXFileReference; fileEncoding = 4; lastKnownFileType = sourcecode.swift; path = User.swift; sourceTree = "<group>"; };
		5E2A6E181B67FCA4003F9614 /* SmallUser.swift */ = {isa = PBXFileReference; fileEncoding = 4; lastKnownFileType = sourcecode.swift; path = SmallUser.swift; sourceTree = "<group>"; };
		5E2A6E2A1B682411003F9614 /* AdSupport.framework */ = {isa = PBXFileReference; lastKnownFileType = wrapper.framework; name = AdSupport.framework; path = System/Library/Frameworks/AdSupport.framework; sourceTree = SDKROOT; };
		5E2A6E2C1B682424003F9614 /* AVFoundation.framework */ = {isa = PBXFileReference; lastKnownFileType = wrapper.framework; name = AVFoundation.framework; path = System/Library/Frameworks/AVFoundation.framework; sourceTree = SDKROOT; };
		5E2A6E2E1B682450003F9614 /* CoreMedia.framework */ = {isa = PBXFileReference; lastKnownFileType = wrapper.framework; name = CoreMedia.framework; path = System/Library/Frameworks/CoreMedia.framework; sourceTree = SDKROOT; };
		5E2A6E301B68245B003F9614 /* Foundation.framework */ = {isa = PBXFileReference; lastKnownFileType = wrapper.framework; name = Foundation.framework; path = System/Library/Frameworks/Foundation.framework; sourceTree = SDKROOT; };
		5E2A6E321B682469003F9614 /* MediaPlayer.framework */ = {isa = PBXFileReference; lastKnownFileType = wrapper.framework; name = MediaPlayer.framework; path = System/Library/Frameworks/MediaPlayer.framework; sourceTree = SDKROOT; };
		5E2A6E341B68248A003F9614 /* UIKit.framework */ = {isa = PBXFileReference; lastKnownFileType = wrapper.framework; name = UIKit.framework; path = System/Library/Frameworks/UIKit.framework; sourceTree = SDKROOT; };
		5E2A6E361B6864E0003F9614 /* MasterPageViewController.swift */ = {isa = PBXFileReference; fileEncoding = 4; lastKnownFileType = sourcecode.swift; path = MasterPageViewController.swift; sourceTree = "<group>"; };
		5E2A6E381B695D9A003F9614 /* LoginViewController.swift */ = {isa = PBXFileReference; fileEncoding = 4; lastKnownFileType = sourcecode.swift; path = LoginViewController.swift; sourceTree = "<group>"; };
		5E2A6E3B1B6BF1A3003F9614 /* InfoViewController.swift */ = {isa = PBXFileReference; fileEncoding = 4; lastKnownFileType = sourcecode.swift; path = InfoViewController.swift; sourceTree = "<group>"; };
		5E2A6E3D1B6C03DF003F9614 /* ProfileCell.swift */ = {isa = PBXFileReference; fileEncoding = 4; lastKnownFileType = sourcecode.swift; path = ProfileCell.swift; sourceTree = "<group>"; };
		5E2E29C51B3A4A8F009AF8B0 /* PictureSelectionViewController.swift */ = {isa = PBXFileReference; fileEncoding = 4; lastKnownFileType = sourcecode.swift; path = PictureSelectionViewController.swift; sourceTree = "<group>"; };
		5E55557C1B88C96300310BAE /* MasterPageNavigationController.swift */ = {isa = PBXFileReference; fileEncoding = 4; lastKnownFileType = sourcecode.swift; path = MasterPageNavigationController.swift; sourceTree = "<group>"; };
		5E7FF6C01B580C3400C15937 /* Defunct.swift */ = {isa = PBXFileReference; fileEncoding = 4; lastKnownFileType = sourcecode.swift; path = Defunct.swift; sourceTree = "<group>"; };
		5E7FF6C21B58218200C15937 /* ParseFacebookUtils.framework */ = {isa = PBXFileReference; lastKnownFileType = wrapper.framework; path = ParseFacebookUtils.framework; sourceTree = "<group>"; };
		5E7FF6C31B58218200C15937 /* ParseFacebookUtilsV4.framework */ = {isa = PBXFileReference; lastKnownFileType = wrapper.framework; path = ParseFacebookUtilsV4.framework; sourceTree = "<group>"; };
		5EAB15621B3DAEF1006C31E7 /* AlbumSelectionViewController.swift */ = {isa = PBXFileReference; fileEncoding = 4; lastKnownFileType = sourcecode.swift; path = AlbumSelectionViewController.swift; sourceTree = "<group>"; };
		5EC36AEB1B3DE84C00DAD9A9 /* Album.swift */ = {isa = PBXFileReference; fileEncoding = 4; lastKnownFileType = sourcecode.swift; path = Album.swift; sourceTree = "<group>"; };
		5EC36B1D1B40875500DAD9A9 /* AlbumCell.swift */ = {isa = PBXFileReference; fileEncoding = 4; lastKnownFileType = sourcecode.swift; path = AlbumCell.swift; sourceTree = "<group>"; };
		5EC36B1F1B4097A800DAD9A9 /* Data.swift */ = {isa = PBXFileReference; fileEncoding = 4; lastKnownFileType = sourcecode.swift; path = Data.swift; sourceTree = "<group>"; };
		5EC36B231B42446600DAD9A9 /* Picture.swift */ = {isa = PBXFileReference; fileEncoding = 4; lastKnownFileType = sourcecode.swift; path = Picture.swift; sourceTree = "<group>"; };
		5EC36B251B42ED9400DAD9A9 /* PictureCell.swift */ = {isa = PBXFileReference; fileEncoding = 4; lastKnownFileType = sourcecode.swift; path = PictureCell.swift; sourceTree = "<group>"; };
		5EC36B291B447EF300DAD9A9 /* Methods.swift */ = {isa = PBXFileReference; fileEncoding = 4; lastKnownFileType = sourcecode.swift; path = Methods.swift; sourceTree = "<group>"; };
		5EC36B2B1B448B7C00DAD9A9 /* PictureConfirmViewController.swift */ = {isa = PBXFileReference; fileEncoding = 4; lastKnownFileType = sourcecode.swift; path = PictureConfirmViewController.swift; sourceTree = "<group>"; };
		5EC36B2D1B44A27F00DAD9A9 /* PictureConfirmView.swift */ = {isa = PBXFileReference; fileEncoding = 4; lastKnownFileType = sourcecode.swift; path = PictureConfirmView.swift; sourceTree = "<group>"; };
		5ED9C7621B3094650080E872 /* Ratable.app */ = {isa = PBXFileReference; explicitFileType = wrapper.application; includeInIndex = 0; path = Ratable.app; sourceTree = BUILT_PRODUCTS_DIR; };
		5ED9C7661B3094650080E872 /* Info.plist */ = {isa = PBXFileReference; lastKnownFileType = text.plist.xml; path = Info.plist; sourceTree = "<group>"; };
		5ED9C7671B3094650080E872 /* AppDelegate.swift */ = {isa = PBXFileReference; lastKnownFileType = sourcecode.swift; path = AppDelegate.swift; sourceTree = "<group>"; };
		5ED9C7691B3094650080E872 /* ViewController.swift */ = {isa = PBXFileReference; lastKnownFileType = sourcecode.swift; path = ViewController.swift; sourceTree = "<group>"; };
		5ED9C76C1B3094650080E872 /* Base */ = {isa = PBXFileReference; lastKnownFileType = file.storyboard; name = Base; path = Base.lproj/Main.storyboard; sourceTree = "<group>"; };
		5ED9C76E1B3094650080E872 /* Images.xcassets */ = {isa = PBXFileReference; lastKnownFileType = folder.assetcatalog; path = Images.xcassets; sourceTree = "<group>"; };
		5ED9C7711B3094650080E872 /* Base */ = {isa = PBXFileReference; lastKnownFileType = file.xib; name = Base; path = Base.lproj/LaunchScreen.xib; sourceTree = "<group>"; };
		5ED9C7771B3094650080E872 /* Rate MeTests.xctest */ = {isa = PBXFileReference; explicitFileType = wrapper.cfbundle; includeInIndex = 0; path = "Rate MeTests.xctest"; sourceTree = BUILT_PRODUCTS_DIR; };
		5ED9C77C1B3094650080E872 /* Info.plist */ = {isa = PBXFileReference; lastKnownFileType = text.plist.xml; path = Info.plist; sourceTree = "<group>"; };
		5ED9C77D1B3094650080E872 /* Rate_MeTests.swift */ = {isa = PBXFileReference; lastKnownFileType = sourcecode.swift; path = Rate_MeTests.swift; sourceTree = "<group>"; };
		5ED9C7871B3094860080E872 /* Bolts.framework */ = {isa = PBXFileReference; lastKnownFileType = wrapper.framework; name = Bolts.framework; path = ../../../Documents/FacebookSDK/Bolts.framework; sourceTree = "<group>"; };
		5ED9C7891B30948E0080E872 /* FBSDKCoreKit.framework */ = {isa = PBXFileReference; lastKnownFileType = wrapper.framework; name = FBSDKCoreKit.framework; path = ../../../Documents/FacebookSDK/FBSDKCoreKit.framework; sourceTree = "<group>"; };
		5ED9C78B1B3094900080E872 /* FBSDKLoginKit.framework */ = {isa = PBXFileReference; lastKnownFileType = wrapper.framework; name = FBSDKLoginKit.framework; path = ../../../Documents/FacebookSDK/FBSDKLoginKit.framework; sourceTree = "<group>"; };
		5ED9C78D1B3094AE0080E872 /* Bridging-Header.h */ = {isa = PBXFileReference; fileEncoding = 4; lastKnownFileType = sourcecode.c.h; path = "Bridging-Header.h"; sourceTree = "<group>"; };
		5ED9C78E1B31C7800080E872 /* Parse.framework */ = {isa = PBXFileReference; lastKnownFileType = wrapper.framework; name = Parse.framework; path = "../../../Downloads/parse-library-1.7.4/Parse.framework"; sourceTree = "<group>"; };
		5ED9C7901B31C9E50080E872 /* AudioToolbox.framework */ = {isa = PBXFileReference; lastKnownFileType = wrapper.framework; name = AudioToolbox.framework; path = System/Library/Frameworks/AudioToolbox.framework; sourceTree = SDKROOT; };
		5ED9C7921B31C9F10080E872 /* CFNetwork.framework */ = {isa = PBXFileReference; lastKnownFileType = wrapper.framework; name = CFNetwork.framework; path = System/Library/Frameworks/CFNetwork.framework; sourceTree = SDKROOT; };
		5ED9C7941B31C9F90080E872 /* CoreGraphics.framework */ = {isa = PBXFileReference; lastKnownFileType = wrapper.framework; name = CoreGraphics.framework; path = System/Library/Frameworks/CoreGraphics.framework; sourceTree = SDKROOT; };
		5ED9C7961B31CA110080E872 /* CoreLocation.framework */ = {isa = PBXFileReference; lastKnownFileType = wrapper.framework; name = CoreLocation.framework; path = System/Library/Frameworks/CoreLocation.framework; sourceTree = SDKROOT; };
		5ED9C7981B31CA180080E872 /* MobileCoreServices.framework */ = {isa = PBXFileReference; lastKnownFileType = wrapper.framework; name = MobileCoreServices.framework; path = System/Library/Frameworks/MobileCoreServices.framework; sourceTree = SDKROOT; };
		5ED9C79A1B31CA220080E872 /* QuartzCore.framework */ = {isa = PBXFileReference; lastKnownFileType = wrapper.framework; name = QuartzCore.framework; path = System/Library/Frameworks/QuartzCore.framework; sourceTree = SDKROOT; };
		5ED9C79C1B31CA2C0080E872 /* Security.framework */ = {isa = PBXFileReference; lastKnownFileType = wrapper.framework; name = Security.framework; path = System/Library/Frameworks/Security.framework; sourceTree = SDKROOT; };
		5ED9C79E1B31CA330080E872 /* StoreKit.framework */ = {isa = PBXFileReference; lastKnownFileType = wrapper.framework; name = StoreKit.framework; path = System/Library/Frameworks/StoreKit.framework; sourceTree = SDKROOT; };
		5ED9C7A01B31CA3E0080E872 /* SystemConfiguration.framework */ = {isa = PBXFileReference; lastKnownFileType = wrapper.framework; name = SystemConfiguration.framework; path = System/Library/Frameworks/SystemConfiguration.framework; sourceTree = SDKROOT; };
		5ED9C7A21B31CA500080E872 /* libz.dylib */ = {isa = PBXFileReference; lastKnownFileType = "compiled.mach-o.dylib"; name = libz.dylib; path = usr/lib/libz.dylib; sourceTree = SDKROOT; };
		5ED9C7A41B31CA5A0080E872 /* libsqlite3.dylib */ = {isa = PBXFileReference; lastKnownFileType = "compiled.mach-o.dylib"; name = libsqlite3.dylib; path = usr/lib/libsqlite3.dylib; sourceTree = SDKROOT; };
		5ED9C7A61B31CA9F0080E872 /* Accounts.framework */ = {isa = PBXFileReference; lastKnownFileType = wrapper.framework; name = Accounts.framework; path = System/Library/Frameworks/Accounts.framework; sourceTree = SDKROOT; };
		5ED9C7A81B31CAA50080E872 /* Social.framework */ = {isa = PBXFileReference; lastKnownFileType = wrapper.framework; name = Social.framework; path = System/Library/Frameworks/Social.framework; sourceTree = SDKROOT; };
		5EE8170F1B6F1D990038C37F /* GameKit.framework */ = {isa = PBXFileReference; lastKnownFileType = wrapper.framework; name = GameKit.framework; path = System/Library/Frameworks/GameKit.framework; sourceTree = SDKROOT; };
		5EE817131B8026860038C37F /* __vungle.db */ = {isa = PBXFileReference; lastKnownFileType = file; path = __vungle.db; sourceTree = "<group>"; };
		5EE817141B8026860038C37F /* vg_close.png */ = {isa = PBXFileReference; lastKnownFileType = image.png; path = vg_close.png; sourceTree = "<group>"; };
		5EE817151B8026860038C37F /* vg_cta.png */ = {isa = PBXFileReference; lastKnownFileType = image.png; path = vg_cta.png; sourceTree = "<group>"; };
		5EE817161B8026860038C37F /* vg_mute_off.png */ = {isa = PBXFileReference; lastKnownFileType = image.png; path = vg_mute_off.png; sourceTree = "<group>"; };
		5EE817171B8026860038C37F /* vg_mute_on.png */ = {isa = PBXFileReference; lastKnownFileType = image.png; path = vg_mute_on.png; sourceTree = "<group>"; };
		5EE817181B8026860038C37F /* vg_privacy.png */ = {isa = PBXFileReference; lastKnownFileType = image.png; path = vg_privacy.png; sourceTree = "<group>"; };
		5EE817191B8026860038C37F /* VungleSDK.framework */ = {isa = PBXFileReference; lastKnownFileType = wrapper.framework; path = VungleSDK.framework; sourceTree = "<group>"; };
/* End PBXFileReference section */

/* Begin PBXFrameworksBuildPhase section */
		5ED9C75F1B3094650080E872 /* Frameworks */ = {
			isa = PBXFrameworksBuildPhase;
			buildActionMask = 2147483647;
			files = (
				5EE817101B6F1D990038C37F /* GameKit.framework in Frameworks */,
				5E2A6E351B68248A003F9614 /* UIKit.framework in Frameworks */,
				5ED9C7A11B31CA3E0080E872 /* SystemConfiguration.framework in Frameworks */,
				5ED9C79F1B31CA330080E872 /* StoreKit.framework in Frameworks */,
				5E2A6E331B682469003F9614 /* MediaPlayer.framework in Frameworks */,
				5E2A6E311B68245B003F9614 /* Foundation.framework in Frameworks */,
				5E2A6E2F1B682450003F9614 /* CoreMedia.framework in Frameworks */,
				5ED9C7951B31C9F90080E872 /* CoreGraphics.framework in Frameworks */,
				5ED9C7931B31C9F10080E872 /* CFNetwork.framework in Frameworks */,
				5E2A6E2D1B682424003F9614 /* AVFoundation.framework in Frameworks */,
				5E2A6E2B1B682411003F9614 /* AdSupport.framework in Frameworks */,
				5ED9C7A91B31CAA50080E872 /* Social.framework in Frameworks */,
				5ED9C7A71B31CA9F0080E872 /* Accounts.framework in Frameworks */,
				5E7FF6C51B58218200C15937 /* ParseFacebookUtilsV4.framework in Frameworks */,
				5E7FF6C41B58218200C15937 /* ParseFacebookUtils.framework in Frameworks */,
				5ED9C7A51B31CA5A0080E872 /* libsqlite3.dylib in Frameworks */,
				5ED9C7A31B31CA500080E872 /* libz.dylib in Frameworks */,
				5ED9C79D1B31CA2C0080E872 /* Security.framework in Frameworks */,
				5ED9C79B1B31CA220080E872 /* QuartzCore.framework in Frameworks */,
				5ED9C7991B31CA180080E872 /* MobileCoreServices.framework in Frameworks */,
				5ED9C7971B31CA110080E872 /* CoreLocation.framework in Frameworks */,
				5ED9C7911B31C9E50080E872 /* AudioToolbox.framework in Frameworks */,
				5EE817201B8026860038C37F /* VungleSDK.framework in Frameworks */,
				5ED9C7881B3094860080E872 /* Bolts.framework in Frameworks */,
				5ED9C78F1B31C7800080E872 /* Parse.framework in Frameworks */,
				5ED9C78A1B30948E0080E872 /* FBSDKCoreKit.framework in Frameworks */,
				5ED9C78C1B3094900080E872 /* FBSDKLoginKit.framework in Frameworks */,
			);
			runOnlyForDeploymentPostprocessing = 0;
		};
		5ED9C7741B3094650080E872 /* Frameworks */ = {
			isa = PBXFrameworksBuildPhase;
			buildActionMask = 2147483647;
			files = (
			);
			runOnlyForDeploymentPostprocessing = 0;
		};
/* End PBXFrameworksBuildPhase section */

/* Begin PBXGroup section */
		5E0D946F1B4ACC2800FBFDCC /* Base */ = {
			isa = PBXGroup;
			children = (
				5E0D946B1B4701D000FBFDCC /* Notes.swift */,
				5EC36B1F1B4097A800DAD9A9 /* Data.swift */,
				5E7FF6C01B580C3400C15937 /* Defunct.swift */,
				5EC36B291B447EF300DAD9A9 /* Methods.swift */,
				5ED9C7671B3094650080E872 /* AppDelegate.swift */,
			);
			name = Base;
			sourceTree = "<group>";
		};
		5E0D94701B4ACC3B00FBFDCC /* Album Selection */ = {
			isa = PBXGroup;
			children = (
				5EAB15621B3DAEF1006C31E7 /* AlbumSelectionViewController.swift */,
				5EC36B1D1B40875500DAD9A9 /* AlbumCell.swift */,
				5EC36AEB1B3DE84C00DAD9A9 /* Album.swift */,
			);
			name = "Album Selection";
			sourceTree = "<group>";
		};
		5E0D94711B4ACC5A00FBFDCC /* Picture Selection */ = {
			isa = PBXGroup;
			children = (
				5E2E29C51B3A4A8F009AF8B0 /* PictureSelectionViewController.swift */,
				5EC36B251B42ED9400DAD9A9 /* PictureCell.swift */,
				5EC36B231B42446600DAD9A9 /* Picture.swift */,
			);
			name = "Picture Selection";
			sourceTree = "<group>";
		};
		5E0D94721B4ACC6800FBFDCC /* Picture Confirm */ = {
			isa = PBXGroup;
			children = (
				5EC36B2B1B448B7C00DAD9A9 /* PictureConfirmViewController.swift */,
				5EC36B2D1B44A27F00DAD9A9 /* PictureConfirmView.swift */,
			);
			name = "Picture Confirm";
			sourceTree = "<group>";
		};
		5E0D94731B4C6C1700FBFDCC /* Profile */ = {
			isa = PBXGroup;
			children = (
				5E0D946D1B4826B500FBFDCC /* ProfileViewController.swift */,
				5E2A6E3D1B6C03DF003F9614 /* ProfileCell.swift */,
			);
			name = Profile;
			sourceTree = "<group>";
		};
		5E0D94741B4C6C2100FBFDCC /* Rate */ = {
			isa = PBXGroup;
			children = (
				5E0D94751B4C6C4E00FBFDCC /* RateViewController.swift */,
				5E2A6E161B6141EF003F9614 /* User.swift */,
				5E2A6E181B67FCA4003F9614 /* SmallUser.swift */,
			);
			name = Rate;
			sourceTree = "<group>";
		};
		5E2A6E3A1B6BE49C003F9614 /* Info */ = {
			isa = PBXGroup;
			children = (
				5E2A6E3B1B6BF1A3003F9614 /* InfoViewController.swift */,
			);
			name = Info;
			sourceTree = "<group>";
		};
		5ED9C7591B3094650080E872 = {
			isa = PBXGroup;
			children = (
				5ED9C7AB1B31CAE10080E872 /* Frameworks */,
				5ED9C7641B3094650080E872 /* Rate Me */,
				5ED9C77A1B3094650080E872 /* Rate MeTests */,
				5ED9C7631B3094650080E872 /* Products */,
			);
			sourceTree = "<group>";
		};
		5ED9C7631B3094650080E872 /* Products */ = {
			isa = PBXGroup;
			children = (
				5ED9C7621B3094650080E872 /* Ratable.app */,
				5ED9C7771B3094650080E872 /* Rate MeTests.xctest */,
			);
			name = Products;
			sourceTree = "<group>";
		};
		5ED9C7641B3094650080E872 /* Rate Me */ = {
			isa = PBXGroup;
			children = (
				5ED9C78D1B3094AE0080E872 /* Bridging-Header.h */,
				5E0D946F1B4ACC2800FBFDCC /* Base */,
				5ED9C7691B3094650080E872 /* ViewController.swift */,
				5E2A6E381B695D9A003F9614 /* LoginViewController.swift */,
				5E2A6E361B6864E0003F9614 /* MasterPageViewController.swift */,
				5E55557C1B88C96300310BAE /* MasterPageNavigationController.swift */,
				5E0D94701B4ACC3B00FBFDCC /* Album Selection */,
				5E0D94711B4ACC5A00FBFDCC /* Picture Selection */,
				5E0D94721B4ACC6800FBFDCC /* Picture Confirm */,
				5E0D94731B4C6C1700FBFDCC /* Profile */,
				5E0D94741B4C6C2100FBFDCC /* Rate */,
				5E2A6E3A1B6BE49C003F9614 /* Info */,
				5ED9C76B1B3094650080E872 /* Main.storyboard */,
				5ED9C76E1B3094650080E872 /* Images.xcassets */,
				5ED9C7701B3094650080E872 /* LaunchScreen.xib */,
				5ED9C7651B3094650080E872 /* Supporting Files */,
			);
			path = "Rate Me";
			sourceTree = "<group>";
		};
		5ED9C7651B3094650080E872 /* Supporting Files */ = {
			isa = PBXGroup;
			children = (
				5ED9C7661B3094650080E872 /* Info.plist */,
			);
			name = "Supporting Files";
			sourceTree = "<group>";
		};
		5ED9C77A1B3094650080E872 /* Rate MeTests */ = {
			isa = PBXGroup;
			children = (
				5ED9C77D1B3094650080E872 /* Rate_MeTests.swift */,
				5ED9C77B1B3094650080E872 /* Supporting Files */,
			);
			path = "Rate MeTests";
			sourceTree = "<group>";
		};
		5ED9C77B1B3094650080E872 /* Supporting Files */ = {
			isa = PBXGroup;
			children = (
				5ED9C77C1B3094650080E872 /* Info.plist */,
			);
			name = "Supporting Files";
			sourceTree = "<group>";
		};
		5ED9C7AB1B31CAE10080E872 /* Frameworks */ = {
			isa = PBXGroup;
			children = (
				5EE8170F1B6F1D990038C37F /* GameKit.framework */,
				5E2A6E341B68248A003F9614 /* UIKit.framework */,
				5E2A6E321B682469003F9614 /* MediaPlayer.framework */,
				5E2A6E301B68245B003F9614 /* Foundation.framework */,
				5E2A6E2E1B682450003F9614 /* CoreMedia.framework */,
				5E2A6E2C1B682424003F9614 /* AVFoundation.framework */,
				5E2A6E2A1B682411003F9614 /* AdSupport.framework */,
				5ED9C7A41B31CA5A0080E872 /* libsqlite3.dylib */,
				5ED9C7A21B31CA500080E872 /* libz.dylib */,
				5ED9C7A01B31CA3E0080E872 /* SystemConfiguration.framework */,
				5EE817111B8026860038C37F /* VungleSDK.embeddedframework 2 */,
				5ED9C79E1B31CA330080E872 /* StoreKit.framework */,
				5ED9C79C1B31CA2C0080E872 /* Security.framework */,
				5ED9C79A1B31CA220080E872 /* QuartzCore.framework */,
				5E7FF6C21B58218200C15937 /* ParseFacebookUtils.framework */,
				5E7FF6C31B58218200C15937 /* ParseFacebookUtilsV4.framework */,
				5ED9C7981B31CA180080E872 /* MobileCoreServices.framework */,
				5ED9C7961B31CA110080E872 /* CoreLocation.framework */,
				5ED9C7941B31C9F90080E872 /* CoreGraphics.framework */,
				5ED9C7921B31C9F10080E872 /* CFNetwork.framework */,
				5ED9C7901B31C9E50080E872 /* AudioToolbox.framework */,
				5ED9C78E1B31C7800080E872 /* Parse.framework */,
				5ED9C78B1B3094900080E872 /* FBSDKLoginKit.framework */,
				5ED9C7891B30948E0080E872 /* FBSDKCoreKit.framework */,
				5ED9C7871B3094860080E872 /* Bolts.framework */,
				5ED9C7A81B31CAA50080E872 /* Social.framework */,
				5ED9C7A61B31CA9F0080E872 /* Accounts.framework */,
			);
			name = Frameworks;
			sourceTree = "<group>";
		};
		5EE817111B8026860038C37F /* VungleSDK.embeddedframework 2 */ = {
			isa = PBXGroup;
			children = (
				5EE817121B8026860038C37F /* Resources */,
				5EE817191B8026860038C37F /* VungleSDK.framework */,
			);
			path = "VungleSDK.embeddedframework 2";
			sourceTree = "<group>";
		};
		5EE817121B8026860038C37F /* Resources */ = {
			isa = PBXGroup;
			children = (
				5EE817131B8026860038C37F /* __vungle.db */,
				5EE817141B8026860038C37F /* vg_close.png */,
				5EE817151B8026860038C37F /* vg_cta.png */,
				5EE817161B8026860038C37F /* vg_mute_off.png */,
				5EE817171B8026860038C37F /* vg_mute_on.png */,
				5EE817181B8026860038C37F /* vg_privacy.png */,
			);
			path = Resources;
			sourceTree = "<group>";
		};
/* End PBXGroup section */

/* Begin PBXNativeTarget section */
		5ED9C7611B3094650080E872 /* Rate Me */ = {
			isa = PBXNativeTarget;
			buildConfigurationList = 5ED9C7811B3094650080E872 /* Build configuration list for PBXNativeTarget "Rate Me" */;
			buildPhases = (
				5ED9C75E1B3094650080E872 /* Sources */,
				5ED9C75F1B3094650080E872 /* Frameworks */,
				5ED9C7601B3094650080E872 /* Resources */,
				5E27DE241B515F8900C2FEF0 /* CopyFiles */,
			);
			buildRules = (
			);
			dependencies = (
			);
			name = "Rate Me";
			productName = "Rate Me";
			productReference = 5ED9C7621B3094650080E872 /* Ratable.app */;
			productType = "com.apple.product-type.application";
		};
		5ED9C7761B3094650080E872 /* Rate MeTests */ = {
			isa = PBXNativeTarget;
			buildConfigurationList = 5ED9C7841B3094650080E872 /* Build configuration list for PBXNativeTarget "Rate MeTests" */;
			buildPhases = (
				5ED9C7731B3094650080E872 /* Sources */,
				5ED9C7741B3094650080E872 /* Frameworks */,
				5ED9C7751B3094650080E872 /* Resources */,
			);
			buildRules = (
			);
			dependencies = (
				5ED9C7791B3094650080E872 /* PBXTargetDependency */,
			);
			name = "Rate MeTests";
			productName = "Rate MeTests";
			productReference = 5ED9C7771B3094650080E872 /* Rate MeTests.xctest */;
			productType = "com.apple.product-type.bundle.unit-test";
		};
/* End PBXNativeTarget section */

/* Begin PBXProject section */
		5ED9C75A1B3094650080E872 /* Project object */ = {
			isa = PBXProject;
			attributes = {
				LastUpgradeCheck = 0630;
				ORGANIZATIONNAME = "Oliver Reznik";
				TargetAttributes = {
					5ED9C7611B3094650080E872 = {
						CreatedOnToolsVersion = 6.3.2;
						DevelopmentTeam = SK4GYS6R4X;
						SystemCapabilities = {
							com.apple.GameCenter = {
								enabled = 1;
							};
						};
					};
					5ED9C7761B3094650080E872 = {
						CreatedOnToolsVersion = 6.3.2;
						TestTargetID = 5ED9C7611B3094650080E872;
					};
				};
			};
			buildConfigurationList = 5ED9C75D1B3094650080E872 /* Build configuration list for PBXProject "Rate Me" */;
			compatibilityVersion = "Xcode 3.2";
			developmentRegion = English;
			hasScannedForEncodings = 0;
			knownRegions = (
				en,
				Base,
			);
			mainGroup = 5ED9C7591B3094650080E872;
			productRefGroup = 5ED9C7631B3094650080E872 /* Products */;
			projectDirPath = "";
			projectRoot = "";
			targets = (
				5ED9C7611B3094650080E872 /* Rate Me */,
				5ED9C7761B3094650080E872 /* Rate MeTests */,
			);
		};
/* End PBXProject section */

/* Begin PBXResourcesBuildPhase section */
		5ED9C7601B3094650080E872 /* Resources */ = {
			isa = PBXResourcesBuildPhase;
			buildActionMask = 2147483647;
			files = (
				5EE8171D1B8026860038C37F /* vg_mute_off.png in Resources */,
				5ED9C76D1B3094650080E872 /* Main.storyboard in Resources */,
				5ED9C7721B3094650080E872 /* LaunchScreen.xib in Resources */,
				5EE8171A1B8026860038C37F /* __vungle.db in Resources */,
				5EE8171B1B8026860038C37F /* vg_close.png in Resources */,
				5EE8171F1B8026860038C37F /* vg_privacy.png in Resources */,
				5EE8171E1B8026860038C37F /* vg_mute_on.png in Resources */,
				5EE8171C1B8026860038C37F /* vg_cta.png in Resources */,
				5ED9C76F1B3094650080E872 /* Images.xcassets in Resources */,
			);
			runOnlyForDeploymentPostprocessing = 0;
		};
		5ED9C7751B3094650080E872 /* Resources */ = {
			isa = PBXResourcesBuildPhase;
			buildActionMask = 2147483647;
			files = (
			);
			runOnlyForDeploymentPostprocessing = 0;
		};
/* End PBXResourcesBuildPhase section */

/* Begin PBXSourcesBuildPhase section */
		5ED9C75E1B3094650080E872 /* Sources */ = {
			isa = PBXSourcesBuildPhase;
			buildActionMask = 2147483647;
			files = (
				5EC36B241B42446600DAD9A9 /* Picture.swift in Sources */,
				5E7FF6C11B580C3400C15937 /* Defunct.swift in Sources */,
				5E0D946C1B4701D000FBFDCC /* Notes.swift in Sources */,
				5E2A6E3E1B6C03DF003F9614 /* ProfileCell.swift in Sources */,
				5ED9C76A1B3094650080E872 /* ViewController.swift in Sources */,
				5E0D94761B4C6C4E00FBFDCC /* RateViewController.swift in Sources */,
				5EC36B261B42ED9400DAD9A9 /* PictureCell.swift in Sources */,
				5E0D946E1B4826B500FBFDCC /* ProfileViewController.swift in Sources */,
				5E2A6E391B695D9A003F9614 /* LoginViewController.swift in Sources */,
				5E55557D1B88C96300310BAE /* MasterPageNavigationController.swift in Sources */,
				5E2A6E171B6141EF003F9614 /* User.swift in Sources */,
				5ED9C7681B3094650080E872 /* AppDelegate.swift in Sources */,
				5E2A6E3C1B6BF1A3003F9614 /* InfoViewController.swift in Sources */,
				5EC36B2A1B447EF300DAD9A9 /* Methods.swift in Sources */,
				5E2A6E191B67FCA4003F9614 /* SmallUser.swift in Sources */,
				5EC36B1E1B40875500DAD9A9 /* AlbumCell.swift in Sources */,
				5E2E29C61B3A4A8F009AF8B0 /* PictureSelectionViewController.swift in Sources */,
				5EC36B2E1B44A27F00DAD9A9 /* PictureConfirmView.swift in Sources */,
				5EAB15631B3DAEF1006C31E7 /* AlbumSelectionViewController.swift in Sources */,
				5E2A6E371B6864E0003F9614 /* MasterPageViewController.swift in Sources */,
				5EC36AEC1B3DE84C00DAD9A9 /* Album.swift in Sources */,
				5EC36B2C1B448B7C00DAD9A9 /* PictureConfirmViewController.swift in Sources */,
				5EC36B201B4097A800DAD9A9 /* Data.swift in Sources */,
			);
			runOnlyForDeploymentPostprocessing = 0;
		};
		5ED9C7731B3094650080E872 /* Sources */ = {
			isa = PBXSourcesBuildPhase;
			buildActionMask = 2147483647;
			files = (
				5ED9C77E1B3094650080E872 /* Rate_MeTests.swift in Sources */,
			);
			runOnlyForDeploymentPostprocessing = 0;
		};
/* End PBXSourcesBuildPhase section */

/* Begin PBXTargetDependency section */
		5ED9C7791B3094650080E872 /* PBXTargetDependency */ = {
			isa = PBXTargetDependency;
			target = 5ED9C7611B3094650080E872 /* Rate Me */;
			targetProxy = 5ED9C7781B3094650080E872 /* PBXContainerItemProxy */;
		};
/* End PBXTargetDependency section */

/* Begin PBXVariantGroup section */
		5ED9C76B1B3094650080E872 /* Main.storyboard */ = {
			isa = PBXVariantGroup;
			children = (
				5ED9C76C1B3094650080E872 /* Base */,
			);
			name = Main.storyboard;
			sourceTree = "<group>";
		};
		5ED9C7701B3094650080E872 /* LaunchScreen.xib */ = {
			isa = PBXVariantGroup;
			children = (
				5ED9C7711B3094650080E872 /* Base */,
			);
			name = LaunchScreen.xib;
			sourceTree = "<group>";
		};
/* End PBXVariantGroup section */

/* Begin XCBuildConfiguration section */
		5ED9C77F1B3094650080E872 /* Debug */ = {
			isa = XCBuildConfiguration;
			buildSettings = {
				ALWAYS_SEARCH_USER_PATHS = NO;
				CLANG_CXX_LANGUAGE_STANDARD = "gnu++0x";
				CLANG_CXX_LIBRARY = "libc++";
				CLANG_ENABLE_MODULES = YES;
				CLANG_ENABLE_OBJC_ARC = YES;
				CLANG_WARN_BOOL_CONVERSION = YES;
				CLANG_WARN_CONSTANT_CONVERSION = YES;
				CLANG_WARN_DIRECT_OBJC_ISA_USAGE = YES_ERROR;
				CLANG_WARN_EMPTY_BODY = YES;
				CLANG_WARN_ENUM_CONVERSION = YES;
				CLANG_WARN_INT_CONVERSION = YES;
				CLANG_WARN_OBJC_ROOT_CLASS = YES_ERROR;
				CLANG_WARN_UNREACHABLE_CODE = YES;
				CLANG_WARN__DUPLICATE_METHOD_MATCH = YES;
				"CODE_SIGN_IDENTITY[sdk=iphoneos*]" = "iPhone Developer";
				COPY_PHASE_STRIP = NO;
				DEBUG_INFORMATION_FORMAT = "dwarf-with-dsym";
				ENABLE_STRICT_OBJC_MSGSEND = YES;
				GCC_C_LANGUAGE_STANDARD = gnu99;
				GCC_DYNAMIC_NO_PIC = NO;
				GCC_NO_COMMON_BLOCKS = YES;
				GCC_OPTIMIZATION_LEVEL = 0;
				GCC_PREPROCESSOR_DEFINITIONS = (
					"DEBUG=1",
					"$(inherited)",
				);
				GCC_SYMBOLS_PRIVATE_EXTERN = NO;
				GCC_WARN_64_TO_32_BIT_CONVERSION = YES;
				GCC_WARN_ABOUT_RETURN_TYPE = YES_ERROR;
				GCC_WARN_UNDECLARED_SELECTOR = YES;
				GCC_WARN_UNINITIALIZED_AUTOS = YES_AGGRESSIVE;
				GCC_WARN_UNUSED_FUNCTION = YES;
				GCC_WARN_UNUSED_VARIABLE = YES;
				IPHONEOS_DEPLOYMENT_TARGET = 8.3;
				MTL_ENABLE_DEBUG_INFO = YES;
				ONLY_ACTIVE_ARCH = YES;
				SDKROOT = iphoneos;
				SWIFT_OPTIMIZATION_LEVEL = "-Onone";
				TARGETED_DEVICE_FAMILY = "1,2";
			};
			name = Debug;
		};
		5ED9C7801B3094650080E872 /* Release */ = {
			isa = XCBuildConfiguration;
			buildSettings = {
				ALWAYS_SEARCH_USER_PATHS = NO;
				CLANG_CXX_LANGUAGE_STANDARD = "gnu++0x";
				CLANG_CXX_LIBRARY = "libc++";
				CLANG_ENABLE_MODULES = YES;
				CLANG_ENABLE_OBJC_ARC = YES;
				CLANG_WARN_BOOL_CONVERSION = YES;
				CLANG_WARN_CONSTANT_CONVERSION = YES;
				CLANG_WARN_DIRECT_OBJC_ISA_USAGE = YES_ERROR;
				CLANG_WARN_EMPTY_BODY = YES;
				CLANG_WARN_ENUM_CONVERSION = YES;
				CLANG_WARN_INT_CONVERSION = YES;
				CLANG_WARN_OBJC_ROOT_CLASS = YES_ERROR;
				CLANG_WARN_UNREACHABLE_CODE = YES;
				CLANG_WARN__DUPLICATE_METHOD_MATCH = YES;
				"CODE_SIGN_IDENTITY[sdk=iphoneos*]" = "iPhone Developer";
				COPY_PHASE_STRIP = NO;
				DEBUG_INFORMATION_FORMAT = "dwarf-with-dsym";
				ENABLE_NS_ASSERTIONS = NO;
				ENABLE_STRICT_OBJC_MSGSEND = YES;
				GCC_C_LANGUAGE_STANDARD = gnu99;
				GCC_NO_COMMON_BLOCKS = YES;
				GCC_WARN_64_TO_32_BIT_CONVERSION = YES;
				GCC_WARN_ABOUT_RETURN_TYPE = YES_ERROR;
				GCC_WARN_UNDECLARED_SELECTOR = YES;
				GCC_WARN_UNINITIALIZED_AUTOS = YES_AGGRESSIVE;
				GCC_WARN_UNUSED_FUNCTION = YES;
				GCC_WARN_UNUSED_VARIABLE = YES;
				IPHONEOS_DEPLOYMENT_TARGET = 8.3;
				MTL_ENABLE_DEBUG_INFO = NO;
				SDKROOT = iphoneos;
				TARGETED_DEVICE_FAMILY = "1,2";
				VALIDATE_PRODUCT = YES;
			};
			name = Release;
		};
		5ED9C7821B3094650080E872 /* Debug */ = {
			isa = XCBuildConfiguration;
			buildSettings = {
				ASSETCATALOG_COMPILER_APPICON_NAME = AppIcon;
				CODE_SIGN_IDENTITY = "iPhone Developer";
				"CODE_SIGN_IDENTITY[sdk=iphoneos*]" = "iPhone Developer";
				FRAMEWORK_SEARCH_PATHS = (
					"$(inherited)",
					/Users/oliverreznik/Documents/FacebookSDK,
					"/Users/oliverreznik/Downloads/parse-library-1.7.4",
					"$(PROJECT_DIR)",
					"$(PROJECT_DIR)/VungleSDK.embeddedframework",
					"$(PROJECT_DIR)/VungleSDK.embeddedframework",
					2,
				);
				INFOPLIST_FILE = "Rate Me/Info.plist";
				IPHONEOS_DEPLOYMENT_TARGET = 8.0;
				LD_RUNPATH_SEARCH_PATHS = "$(inherited) @executable_path/Frameworks";
				PRODUCT_NAME = Ratable;
				PROVISIONING_PROFILE = "84a195ed-190e-47a8-a0a5-6963e226aafd";
				SWIFT_OBJC_BRIDGING_HEADER = "Rate Me/Bridging-Header.h";
				TARGETED_DEVICE_FAMILY = "1,2";
			};
			name = Debug;
		};
		5ED9C7831B3094650080E872 /* Release */ = {
			isa = XCBuildConfiguration;
			buildSettings = {
				ASSETCATALOG_COMPILER_APPICON_NAME = AppIcon;
				CODE_SIGN_IDENTITY = "iPhone Developer";
				"CODE_SIGN_IDENTITY[sdk=iphoneos*]" = "iPhone Developer";
				FRAMEWORK_SEARCH_PATHS = (
					"$(inherited)",
					/Users/oliverreznik/Documents/FacebookSDK,
					"/Users/oliverreznik/Downloads/parse-library-1.7.4",
					"$(PROJECT_DIR)",
					"$(PROJECT_DIR)/VungleSDK.embeddedframework",
					"$(PROJECT_DIR)/VungleSDK.embeddedframework",
					2,
				);
				INFOPLIST_FILE = "Rate Me/Info.plist";
				IPHONEOS_DEPLOYMENT_TARGET = 8.0;
				LD_RUNPATH_SEARCH_PATHS = "$(inherited) @executable_path/Frameworks";
				PRODUCT_NAME = Ratable;
				PROVISIONING_PROFILE = "84a195ed-190e-47a8-a0a5-6963e226aafd";
				SWIFT_OBJC_BRIDGING_HEADER = "Rate Me/Bridging-Header.h";
				TARGETED_DEVICE_FAMILY = "1,2";
			};
			name = Release;
		};
		5ED9C7851B3094650080E872 /* Debug */ = {
			isa = XCBuildConfiguration;
			buildSettings = {
				BUNDLE_LOADER = "$(TEST_HOST)";
				FRAMEWORK_SEARCH_PATHS = (
					"$(SDKROOT)/Developer/Library/Frameworks",
					"$(inherited)",
				);
				GCC_PREPROCESSOR_DEFINITIONS = (
					"DEBUG=1",
					"$(inherited)",
				);
				INFOPLIST_FILE = "Rate MeTests/Info.plist";
				LD_RUNPATH_SEARCH_PATHS = "$(inherited) @executable_path/Frameworks @loader_path/Frameworks";
				PRODUCT_NAME = "$(TARGET_NAME)";
				TEST_HOST = "$(BUILT_PRODUCTS_DIR)/Rate Me.app/Rate Me";
			};
			name = Debug;
		};
		5ED9C7861B3094650080E872 /* Release */ = {
			isa = XCBuildConfiguration;
			buildSettings = {
				BUNDLE_LOADER = "$(TEST_HOST)";
				FRAMEWORK_SEARCH_PATHS = (
					"$(SDKROOT)/Developer/Library/Frameworks",
					"$(inherited)",
				);
				INFOPLIST_FILE = "Rate MeTests/Info.plist";
				LD_RUNPATH_SEARCH_PATHS = "$(inherited) @executable_path/Frameworks @loader_path/Frameworks";
				PRODUCT_NAME = "$(TARGET_NAME)";
				TEST_HOST = "$(BUILT_PRODUCTS_DIR)/Rate Me.app/Rate Me";
			};
			name = Release;
		};
/* End XCBuildConfiguration section */

/* Begin XCConfigurationList section */
		5ED9C75D1B3094650080E872 /* Build configuration list for PBXProject "Rate Me" */ = {
			isa = XCConfigurationList;
			buildConfigurations = (
				5ED9C77F1B3094650080E872 /* Debug */,
				5ED9C7801B3094650080E872 /* Release */,
			);
			defaultConfigurationIsVisible = 0;
			defaultConfigurationName = Release;
		};
		5ED9C7811B3094650080E872 /* Build configuration list for PBXNativeTarget "Rate Me" */ = {
			isa = XCConfigurationList;
			buildConfigurations = (
				5ED9C7821B3094650080E872 /* Debug */,
				5ED9C7831B3094650080E872 /* Release */,
			);
			defaultConfigurationIsVisible = 0;
			defaultConfigurationName = Release;
		};
		5ED9C7841B3094650080E872 /* Build configuration list for PBXNativeTarget "Rate MeTests" */ = {
			isa = XCConfigurationList;
			buildConfigurations = (
				5ED9C7851B3094650080E872 /* Debug */,
				5ED9C7861B3094650080E872 /* Release */,
			);
			defaultConfigurationIsVisible = 0;
			defaultConfigurationName = Release;
		};
/* End XCConfigurationList section */
	};
	rootObject = 5ED9C75A1B3094650080E872 /* Project object */;
}
